{
  "name": "d0b3bd3be51356f8",
  "lockfileVersion": 3,
  "requires": true,
  "packages": {
    "": {
      "dependencies": {
        "@vibe-cafe/vibe-usage": "^0.10.13"
      }
    },
    "node_modules/@vibe-cafe/vibe-usage": {
      "version": "0.10.13",
      "resolved": "https://registry.npmjs.org/@vibe-cafe/vibe-usage/-/vibe-usage-0.10.13.tgz",
      "integrity": "sha512-85m694aVnH8RqouhKo1YJhkrTtUAyfB3hJaECEm/C03qr3hLXKfin8efAJtBeresTmPyB/ZpdshDzN88yVQddA==",
      "license": "MIT",
      "bin": {
        "vibe-usage": "bin/vibe-usage.js"
      },
      "engines": {
        "node": ">=20"
      }
    }
  }
}
